
Microsoft Visual Studio Solution File, Format Version 12.00
# Visual Studio Version 16
VisualStudioVersion = 16.0.28729.10
MinimumVisualStudioVersion = 10.0.40219.1
Project("{9A19103F-16F7-4668-BE54-9A1E7A4F7556}") = "HelloRestApi", "HelloRestApi\HelloRestApi.csproj", "{38D5AD4D-0A01-493C-B895-14BE1CA1BB84}"
EndProject
Global
	GlobalSection(SolutionConfigurationPlatforms) = preSolution
		Debug|Any CPU = Debug|Any CPU
		Release|Any CPU = Release|Any CPU
	EndGlobalSection
	GlobalSection(ProjectConfigurationPlatforms) = postSolution
		{38D5AD4D-0A01-493C-B895-14BE1CA1BB84}.Debug|Any CPU.ActiveCfg = Debug|Any CPU
		{38D5AD4D-0A01-493C-B895-14BE1CA1BB84}.Debug|Any CPU.Build.0 = Debug|Any CPU
		{38D5AD4D-0A01-493C-B895-14BE1CA1BB84}.Release|Any CPU.ActiveCfg = Release|Any CPU
		{38D5AD4D-0A01-493C-B895-14BE1CA1BB84}.Release|Any CPU.Build.0 = Release|Any CPU
	EndGlobalSection
	GlobalSection(SolutionProperties) = preSolution
		HideSolutionNode = FALSE
	EndGlobalSection
	GlobalSection(ExtensibilityGlobals) = postSolution
		SolutionGuid = {D8BE0709-7ED1-4A06-A521-BE77871187F3}
	EndGlobalSection
EndGlobal
